
Microsoft Visual Studio Solution File, Format Version 12.00
# Visual Studio 2012
Project("{FAE04EC0-301F-11D3-BF4B-00C04F79EFBC}") = "Pertemuan6_didin_nur_yahya", "Pertemuan6_didin_nur_yahya\Pertemuan6_didin_nur_yahya.csproj", "{56AB23E0-AD20-4455-B4AF-587FAD246674}"
EndProject
Global
	GlobalSection(SolutionConfigurationPlatforms) = preSolution
		Debug|Any CPU = Debug|Any CPU
		Release|Any CPU = Release|Any CPU
	EndGlobalSection
	GlobalSection(ProjectConfigurationPlatforms) = postSolution
		{56AB23E0-AD20-4455-B4AF-587FAD246674}.Debug|Any CPU.ActiveCfg = Debug|Any CPU
		{56AB23E0-AD20-4455-B4AF-587FAD246674}.Debug|Any CPU.Build.0 = Debug|Any CPU
		{56AB23E0-AD20-4455-B4AF-587FAD246674}.Release|Any CPU.ActiveCfg = Release|Any CPU
		{56AB23E0-AD20-4455-B4AF-587FAD246674}.Release|Any CPU.Build.0 = Release|Any CPU
	EndGlobalSection
	GlobalSection(SolutionProperties) = preSolution
		HideSolutionNode = FALSE
	EndGlobalSection
EndGlobal
