
Microsoft Visual Studio Solution File, Format Version 12.00
# Visual Studio 2012
Project("{FAE04EC0-301F-11D3-BF4B-00C04F79EFBC}") = "pert7_didinnuryahya2", "pert7_didinnuryahya2\pert7_didinnuryahya2.csproj", "{3B0BB152-87D3-457A-B407-77BE269342CA}"
EndProject
Global
	GlobalSection(SolutionConfigurationPlatforms) = preSolution
		Debug|Any CPU = Debug|Any CPU
		Release|Any CPU = Release|Any CPU
	EndGlobalSection
	GlobalSection(ProjectConfigurationPlatforms) = postSolution
		{3B0BB152-87D3-457A-B407-77BE269342CA}.Debug|Any CPU.ActiveCfg = Debug|Any CPU
		{3B0BB152-87D3-457A-B407-77BE269342CA}.Debug|Any CPU.Build.0 = Debug|Any CPU
		{3B0BB152-87D3-457A-B407-77BE269342CA}.Release|Any CPU.ActiveCfg = Release|Any CPU
		{3B0BB152-87D3-457A-B407-77BE269342CA}.Release|Any CPU.Build.0 = Release|Any CPU
	EndGlobalSection
	GlobalSection(SolutionProperties) = preSolution
		HideSolutionNode = FALSE
	EndGlobalSection
EndGlobal
