
Microsoft Visual Studio Solution File, Format Version 12.00
# Visual Studio 2012
Project("{FAE04EC0-301F-11D3-BF4B-00C04F79EFBC}") = "WebApps2", "WebApps2\WebApps2.csproj", "{3841D5B2-9805-4BBC-B098-CCC1195D25CA}"
EndProject
Global
	GlobalSection(SolutionConfigurationPlatforms) = preSolution
		Debug|Any CPU = Debug|Any CPU
		Release|Any CPU = Release|Any CPU
	EndGlobalSection
	GlobalSection(ProjectConfigurationPlatforms) = postSolution
		{3841D5B2-9805-4BBC-B098-CCC1195D25CA}.Debug|Any CPU.ActiveCfg = Debug|Any CPU
		{3841D5B2-9805-4BBC-B098-CCC1195D25CA}.Debug|Any CPU.Build.0 = Debug|Any CPU
		{3841D5B2-9805-4BBC-B098-CCC1195D25CA}.Release|Any CPU.ActiveCfg = Release|Any CPU
		{3841D5B2-9805-4BBC-B098-CCC1195D25CA}.Release|Any CPU.Build.0 = Release|Any CPU
	EndGlobalSection
	GlobalSection(SolutionProperties) = preSolution
		HideSolutionNode = FALSE
	EndGlobalSection
EndGlobal
