
Microsoft Visual Studio Solution File, Format Version 12.00
# Visual Studio 2012
Project("{FAE04EC0-301F-11D3-BF4B-00C04F79EFBC}") = "UjianAPP", "UjianAPP\UjianAPP.csproj", "{D9FA7E7A-7742-407D-A50F-25537E401E75}"
EndProject
Global
	GlobalSection(SolutionConfigurationPlatforms) = preSolution
		Debug|Any CPU = Debug|Any CPU
		Release|Any CPU = Release|Any CPU
	EndGlobalSection
	GlobalSection(ProjectConfigurationPlatforms) = postSolution
		{D9FA7E7A-7742-407D-A50F-25537E401E75}.Debug|Any CPU.ActiveCfg = Debug|Any CPU
		{D9FA7E7A-7742-407D-A50F-25537E401E75}.Debug|Any CPU.Build.0 = Debug|Any CPU
		{D9FA7E7A-7742-407D-A50F-25537E401E75}.Release|Any CPU.ActiveCfg = Release|Any CPU
		{D9FA7E7A-7742-407D-A50F-25537E401E75}.Release|Any CPU.Build.0 = Release|Any CPU
	EndGlobalSection
	GlobalSection(SolutionProperties) = preSolution
		HideSolutionNode = FALSE
	EndGlobalSection
EndGlobal
