
Microsoft Visual Studio Solution File, Format Version 12.00
# Visual Studio 2012
Project("{FAE04EC0-301F-11D3-BF4B-00C04F79EFBC}") = "Pertemuan_didin_nur_yahya_2ia07", "Pertemuan_didin_nur_yahya_2ia07\Pertemuan_didin_nur_yahya_2ia07.csproj", "{D0DF3DBF-07C4-4B51-9CE5-BB3185094C77}"
EndProject
Global
	GlobalSection(SolutionConfigurationPlatforms) = preSolution
		Debug|Any CPU = Debug|Any CPU
		Release|Any CPU = Release|Any CPU
	EndGlobalSection
	GlobalSection(ProjectConfigurationPlatforms) = postSolution
		{D0DF3DBF-07C4-4B51-9CE5-BB3185094C77}.Debug|Any CPU.ActiveCfg = Debug|Any CPU
		{D0DF3DBF-07C4-4B51-9CE5-BB3185094C77}.Debug|Any CPU.Build.0 = Debug|Any CPU
		{D0DF3DBF-07C4-4B51-9CE5-BB3185094C77}.Release|Any CPU.ActiveCfg = Release|Any CPU
		{D0DF3DBF-07C4-4B51-9CE5-BB3185094C77}.Release|Any CPU.Build.0 = Release|Any CPU
	EndGlobalSection
	GlobalSection(SolutionProperties) = preSolution
		HideSolutionNode = FALSE
	EndGlobalSection
EndGlobal
