
Microsoft Visual Studio Solution File, Format Version 12.00
# Visual Studio 2012
Project("{FAE04EC0-301F-11D3-BF4B-00C04F79EFBC}") = "Pert5_didinnuryahya_51419788", "Pert5_didinnuryahya_51419788\Pert5_didinnuryahya_51419788.csproj", "{0DC9BDD5-1ED1-4C3B-9339-2F7D6519EACD}"
EndProject
Global
	GlobalSection(SolutionConfigurationPlatforms) = preSolution
		Debug|Any CPU = Debug|Any CPU
		Release|Any CPU = Release|Any CPU
	EndGlobalSection
	GlobalSection(ProjectConfigurationPlatforms) = postSolution
		{0DC9BDD5-1ED1-4C3B-9339-2F7D6519EACD}.Debug|Any CPU.ActiveCfg = Debug|Any CPU
		{0DC9BDD5-1ED1-4C3B-9339-2F7D6519EACD}.Debug|Any CPU.Build.0 = Debug|Any CPU
		{0DC9BDD5-1ED1-4C3B-9339-2F7D6519EACD}.Release|Any CPU.ActiveCfg = Release|Any CPU
		{0DC9BDD5-1ED1-4C3B-9339-2F7D6519EACD}.Release|Any CPU.Build.0 = Release|Any CPU
	EndGlobalSection
	GlobalSection(SolutionProperties) = preSolution
		HideSolutionNode = FALSE
	EndGlobalSection
EndGlobal
